# Run ./gradlew --write-locks to regenerate this file
ant:ant:1.6.5 (1 constraints: 730a54bc)
aopalliance:aopalliance:1.0 (1 constraints: 170a83ac)
asm:asm:3.1 (2 constraints: 4f19c3c6)
com.carrotsearch:hppc:0.7.2 (1 constraints: f70cda14)
com.clearspring.analytics:stream:2.7.0 (1 constraints: 1a0dd136)
com.esotericsoftware:kryo-shaded:4.0.2 (2 constraints: b71345a6)
com.esotericsoftware:minlog:1.3.0 (1 constraints: 670e7c4f)
com.fasterxml.jackson.core:jackson-annotations:2.10.2 (5 constraints: 4155160f)
com.fasterxml.jackson.core:jackson-core:2.10.2 (6 constraints: bb52b302)
com.fasterxml.jackson.core:jackson-databind:2.10.2 (11 constraints: 849efe9c)
com.fasterxml.jackson.module:jackson-module-paranamer:2.10.2 (1 constraints: 03162c16)
com.fasterxml.jackson.module:jackson-module-scala_2.11:2.10.2 (1 constraints: 7f0da251)
com.github.ben-manes.caffeine:caffeine:2.7.0 (1 constraints: 0b050a36)
com.github.joshelser:dropwizard-metrics-hadoop-metrics2-reporter:0.1.2 (1 constraints: e90b08f3)
com.github.luben:zstd-jni:1.3.2-2 (1 constraints: 760d7c51)
com.github.stephenc.findbugs:findbugs-annotations:1.3.9-1 (1 constraints: 6d05ab40)
com.google.code.findbugs:jsr305:3.0.2 (7 constraints: fc5db58f)
com.google.code.gson:gson:2.2.4 (2 constraints: 9518bfd2)
com.google.errorprone:error_prone_annotations:2.3.3 (2 constraints: 161a2544)
com.google.flatbuffers:flatbuffers-java:1.9.0 (2 constraints: e5199714)
com.google.guava:failureaccess:1.0.1 (1 constraints: 140ae1b4)
com.google.guava:guava:28.0-jre (21 constraints: 88453dad)
com.google.guava:listenablefuture:9999.0-empty-to-avoid-conflict-with-guava (1 constraints: bd17c918)
com.google.inject:guice:3.0 (6 constraints: 6873914c)
com.google.inject.extensions:guice-servlet:3.0 (11 constraints: a9d50a2b)
com.google.j2objc:j2objc-annotations:1.3 (1 constraints: b809eda0)
com.google.protobuf:protobuf-java:2.5.0 (16 constraints: 2f1c978f)
com.googlecode.javaewah:JavaEWAH:0.3.2 (1 constraints: ea0dfc42)
com.jamesmurty.utils:java-xmlbuilder:0.4 (1 constraints: e40aa5ca)
com.jcraft:jsch:0.1.42 (1 constraints: bb0ded3c)
com.jolbox:bonecp:0.8.0.RELEASE (2 constraints: b22109f9)
com.ning:compress-lzf:1.0.3 (1 constraints: 150dba36)
com.sun.jersey:jersey-client:1.9 (4 constraints: 65529ed7)
com.sun.jersey:jersey-core:1.9 (9 constraints: ec8f4404)
com.sun.jersey:jersey-json:1.9 (5 constraints: 945f2f90)
com.sun.jersey:jersey-server:1.9 (4 constraints: ef373c01)
com.sun.jersey.contribs:jersey-guice:1.9 (4 constraints: 65529ed7)
com.sun.xml.bind:jaxb-impl:2.2.3-1 (1 constraints: 330c2404)
com.thoughtworks.paranamer:paranamer:2.8 (3 constraints: 742d4cb1)
com.twitter:chill-java:0.9.3 (2 constraints: a716716f)
com.twitter:chill_2.11:0.9.3 (2 constraints: 121b92c3)
com.twitter:parquet-hadoop-bundle:1.6.0 (2 constraints: 061b4d93)
com.univocity:univocity-parsers:2.7.3 (1 constraints: c40ccb27)
commons-beanutils:commons-beanutils:1.7.0 (1 constraints: da0e635f)
commons-beanutils:commons-beanutils-core:1.8.0 (1 constraints: 1d134124)
commons-cli:commons-cli:1.2 (9 constraints: f874366c)
commons-codec:commons-codec:1.10 (17 constraints: a8de3870)
commons-collections:commons-collections:3.2.2 (3 constraints: e73a8e36)
commons-configuration:commons-configuration:1.6 (1 constraints: 2d0d5c14)
commons-daemon:commons-daemon:1.0.13 (1 constraints: d50c811c)
commons-dbcp:commons-dbcp:1.4 (3 constraints: 9029e0e4)
commons-digester:commons-digester:1.8 (1 constraints: bf1228fe)
commons-el:commons-el:1.0 (2 constraints: ad11e7f0)
commons-httpclient:commons-httpclient:3.1 (4 constraints: e52cc77f)
commons-io:commons-io:2.4 (6 constraints: 4a568049)
commons-lang:commons-lang:2.6 (20 constraints: 401f63f3)
commons-logging:commons-logging:1.2 (20 constraints: 424b646e)
commons-net:commons-net:3.1 (3 constraints: 3d222e61)
commons-pool:commons-pool:1.6 (4 constraints: e336ab5e)
dk.brics.automaton:automaton:1.11-8 (1 constraints: 92088a8d)
hsqldb:hsqldb:1.8.0.10 (1 constraints: f008499f)
io.airlift:aircompressor:0.15 (1 constraints: 0e0aa4b2)
io.dropwizard.metrics:metrics-core:3.1.5 (8 constraints: 3b8585b8)
io.dropwizard.metrics:metrics-graphite:3.1.5 (1 constraints: 1a0dc936)
io.dropwizard.metrics:metrics-json:3.1.5 (2 constraints: 03195c12)
io.dropwizard.metrics:metrics-jvm:3.1.5 (2 constraints: 03195c12)
io.netty:netty:3.9.9.Final (9 constraints: 9eb0396d)
io.netty:netty-all:4.1.42.Final (3 constraints: ce319b25)
io.netty:netty-buffer:4.1.27.Final (1 constraints: 4a0fee77)
javax.activation:activation:1.1.1 (1 constraints: 140dbb36)
javax.annotation:javax.annotation-api:1.3.2 (3 constraints: 55341c48)
javax.inject:javax.inject:1 (4 constraints: 852d0c1a)
javax.jdo:jdo-api:3.0.1 (2 constraints: 4c1dcc1a)
javax.servlet:javax.servlet-api:3.1.0 (1 constraints: 150dc436)
javax.servlet:jsp-api:2.0 (1 constraints: 0b0aa0a7)
javax.servlet:servlet-api:2.5 (9 constraints: f991a6d2)
javax.servlet.jsp:jsp-api:2.1 (1 constraints: 290d5a14)
javax.transaction:jta:1.1 (1 constraints: 9f07d96b)
javax.validation:validation-api:1.1.0.Final (1 constraints: 13133130)
javax.ws.rs:javax.ws.rs-api:2.0.1 (5 constraints: 6e649355)
javax.xml.bind:jaxb-api:2.2.11 (6 constraints: a069fd48)
javolution:javolution:5.5.1 (2 constraints: 2b1b2b82)
jline:jline:2.12 (3 constraints: 7c21b2cb)
joda-time:joda-time:2.9.9 (4 constraints: 2326d336)
log4j:apache-log4j-extras:1.2.17 (1 constraints: 200e1d51)
log4j:log4j:1.2.17 (8 constraints: e7772b11)
net.hydromatic:eigenbase-properties:1.1.5 (1 constraints: 5f0daf2c)
net.java.dev.jets3t:jets3t:0.9.0 (2 constraints: ec152b22)
net.razorvine:pyrolite:4.13 (1 constraints: eb0cb829)
net.sf.kosmosfs:kfs:0.3 (1 constraints: fd077074)
net.sf.opencsv:opencsv:2.3 (2 constraints: a218daa5)
net.sf.py4j:py4j:0.10.7 (1 constraints: 490d0044)
org.antlr:ST4:4.0.4 (3 constraints: 5521e4e4)
org.antlr:antlr-runtime:3.5.2 (6 constraints: 7a43035f)
org.antlr:antlr4-runtime:4.7 (1 constraints: 7a0e125f)
org.apache.ant:ant:1.9.1 (3 constraints: 262660e7)
org.apache.ant:ant-launcher:1.9.1 (1 constraints: 69082485)
org.apache.arrow:arrow-format:0.14.1 (1 constraints: 240df421)
org.apache.arrow:arrow-memory:0.14.1 (1 constraints: 240df421)
org.apache.arrow:arrow-vector:0.14.1 (2 constraints: 2012a545)
org.apache.avro:avro:1.9.2 (4 constraints: 3e2e68f4)
org.apache.avro:avro-ipc:1.8.2 (1 constraints: f90b5bf4)
org.apache.avro:avro-mapred:1.8.2 (2 constraints: 3a1a4787)
org.apache.calcite:calcite-avatica:1.2.0-incubating (3 constraints: 4b35b263)
org.apache.calcite:calcite-core:1.2.0-incubating (1 constraints: 68119fdf)
org.apache.calcite:calcite-linq4j:1.2.0-incubating (1 constraints: ac1147d8)
org.apache.commons:commons-compress:1.19 (6 constraints: 464a0c7f)
org.apache.commons:commons-crypto:1.0.0 (2 constraints: 3a1e5fbf)
org.apache.commons:commons-lang3:3.9 (5 constraints: 503b94b4)
org.apache.commons:commons-math3:3.4.1 (2 constraints: a11af290)
org.apache.curator:curator-client:2.7.1 (2 constraints: 6a1d2734)
org.apache.curator:curator-framework:2.7.1 (4 constraints: 4d37382d)
org.apache.curator:curator-recipes:2.7.1 (2 constraints: a61acc91)
org.apache.derby:derby:10.12.1.1 (3 constraints: 9f2cb182)
org.apache.directory.api:api-asn1-api:1.0.0-M20 (1 constraints: 3d163b13)
org.apache.directory.api:api-util:1.0.0-M20 (1 constraints: 3d163b13)
org.apache.directory.server:apacheds-i18n:2.0.0-M15 (1 constraints: 42164713)
org.apache.directory.server:apacheds-kerberos-codec:2.0.0-M15 (1 constraints: 8f0d3b45)
org.apache.hadoop:hadoop-annotations:2.7.3 (16 constraints: 2c27b38c)
org.apache.hadoop:hadoop-auth:2.7.3 (1 constraints: 900d4d2f)
org.apache.hadoop:hadoop-client:2.7.3 (2 constraints: 2b12043c)
org.apache.hadoop:hadoop-common:2.7.3 (4 constraints: 163dee6b)
org.apache.hadoop:hadoop-hdfs:2.7.3 (4 constraints: b834c025)
org.apache.hadoop:hadoop-mapreduce-client-app:2.7.3 (3 constraints: ab2f8436)
org.apache.hadoop:hadoop-mapreduce-client-common:2.7.3 (4 constraints: 184f4f66)
org.apache.hadoop:hadoop-mapreduce-client-core:2.7.3 (4 constraints: 66361812)
org.apache.hadoop:hadoop-mapreduce-client-jobclient:2.7.3 (2 constraints: 3b1dfa13)
org.apache.hadoop:hadoop-mapreduce-client-shuffle:2.7.3 (2 constraints: 2628c449)
org.apache.hadoop:hadoop-yarn-api:2.7.3 (10 constraints: 07b8bd4c)
org.apache.hadoop:hadoop-yarn-client:2.7.3 (1 constraints: 1f14626e)
org.apache.hadoop:hadoop-yarn-common:2.7.3 (9 constraints: b3b2f06f)
org.apache.hadoop:hadoop-yarn-server-applicationhistoryservice:2.7.3 (1 constraints: f5157dcf)
org.apache.hadoop:hadoop-yarn-server-common:2.7.3 (7 constraints: 5192cac0)
org.apache.hadoop:hadoop-yarn-server-nodemanager:2.7.3 (2 constraints: 6726468d)
org.apache.hadoop:hadoop-yarn-server-resourcemanager:2.7.3 (2 constraints: b22045af)
org.apache.hadoop:hadoop-yarn-server-web-proxy:2.7.3 (2 constraints: cb287679)
org.apache.hive:hive-common:2.3.7 (1 constraints: 7c0bc3e4)
org.apache.hive:hive-metastore:2.3.7 (1 constraints: 0e050536)
org.apache.hive:hive-serde:2.3.7 (1 constraints: 3d0d7120)
org.apache.hive:hive-service-rpc:2.3.7 (1 constraints: 7c0bc3e4)
org.apache.hive:hive-shims:2.3.7 (4 constraints: b62f99da)
org.apache.hive:hive-storage-api:2.4.0 (1 constraints: ec0b19f3)
org.apache.hive.shims:hive-shims-0.23:2.3.7 (1 constraints: 8d0b6de5)
org.apache.hive.shims:hive-shims-common:2.3.7 (3 constraints: 252c91ae)
org.apache.hive.shims:hive-shims-scheduler:2.3.7 (1 constraints: 8d0b6de5)
org.apache.htrace:htrace-core:3.1.0-incubating (2 constraints: cd22cffa)
org.apache.httpcomponents:httpclient:4.5.6 (4 constraints: 573134dd)
org.apache.httpcomponents:httpcore:4.4.10 (3 constraints: d327f763)
org.apache.ivy:ivy:2.4.0 (3 constraints: 0826dbf1)
org.apache.orc:orc-core:1.6.3 (3 constraints: bb1d64ad)
org.apache.orc:orc-mapreduce:1.6.3 (1 constraints: c30cc227)
org.apache.orc:orc-shims:1.6.3 (1 constraints: 400aebbc)
org.apache.parquet:parquet-avro:1.11.0 (1 constraints: 35052c3b)
org.apache.parquet:parquet-column:1.11.0 (3 constraints: 9429f2ca)
org.apache.parquet:parquet-common:1.11.0 (2 constraints: 4c1e7785)
org.apache.parquet:parquet-encoding:1.11.0 (1 constraints: ca0efb64)
org.apache.parquet:parquet-format-structures:1.11.0 (3 constraints: 6e2bc836)
org.apache.parquet:parquet-hadoop:1.11.0 (2 constraints: de1ac7b3)
org.apache.parquet:parquet-jackson:1.11.0 (1 constraints: b70ee963)
org.apache.pig:pig:0.14.0 (1 constraints: 37052f3b)
org.apache.spark:spark-avro_2.11:2.4.5 (1 constraints: 0d050636)
org.apache.spark:spark-catalyst_2.11:2.4.5 (1 constraints: c30cc427)
org.apache.spark:spark-core_2.11:2.4.5 (3 constraints: b828699a)
org.apache.spark:spark-hive_2.11:2.4.5 (1 constraints: 0d050636)
org.apache.spark:spark-kvstore_2.11:2.4.5 (1 constraints: 1c0dcd36)
org.apache.spark:spark-launcher_2.11:2.4.5 (1 constraints: 1c0dcd36)
org.apache.spark:spark-network-common_2.11:2.4.5 (2 constraints: b21e24e3)
org.apache.spark:spark-network-shuffle_2.11:2.4.5 (1 constraints: 1c0dcd36)
org.apache.spark:spark-sketch_2.11:2.4.5 (2 constraints: 9a1bfef5)
org.apache.spark:spark-sql_2.11:2.4.5 (1 constraints: 1f0d0137)
org.apache.spark:spark-tags_2.11:2.4.5 (8 constraints: 0b6f59a2)
org.apache.spark:spark-unsafe_2.11:2.4.5 (2 constraints: f31bed13)
org.apache.thrift:libfb303:0.9.3 (3 constraints: 27289d07)
org.apache.thrift:libthrift:0.9.3 (6 constraints: 3f4f0635)
org.apache.xbean:xbean-asm6-shaded:4.8 (2 constraints: 2419a30f)
org.apache.yetus:audience-annotations:0.11.0 (1 constraints: c40eb364)
org.apache.zookeeper:zookeeper:3.4.6 (11 constraints: 18a71f48)
org.checkerframework:checker-qual:2.8.1 (2 constraints: 1a1a3944)
org.codehaus.jackson:jackson-core-asl:1.9.13 (11 constraints: 8091cd06)
org.codehaus.jackson:jackson-jaxrs:1.9.13 (2 constraints: 821bca9d)
org.codehaus.jackson:jackson-mapper-asl:1.9.13 (11 constraints: e18d325f)
org.codehaus.jackson:jackson-xc:1.9.13 (2 constraints: 821bca9d)
org.codehaus.janino:commons-compiler:3.0.9 (2 constraints: a41a546f)
org.codehaus.janino:janino:3.0.9 (1 constraints: d90e817c)
org.codehaus.jettison:jettison:1.1 (4 constraints: a84e24a9)
org.codehaus.mojo:animal-sniffer-annotations:1.17 (1 constraints: ed09d8aa)
org.datanucleus:datanucleus-api-jdo:4.2.4 (2 constraints: 591df91b)
org.datanucleus:datanucleus-core:4.1.17 (5 constraints: 584455e8)
org.datanucleus:datanucleus-rdbms:4.1.19 (2 constraints: 911dec32)
org.datanucleus:javax.jdo:3.2.0-m3 (1 constraints: 030ea249)
org.fusesource.leveldbjni:leveldbjni-all:1.8 (9 constraints: 91a69ae7)
org.glassfish.hk2:hk2-api:2.4.0-b34 (5 constraints: 9d5608c7)
org.glassfish.hk2:hk2-locator:2.4.0-b34 (4 constraints: 3d490865)
org.glassfish.hk2:hk2-utils:2.4.0-b34 (2 constraints: 0719352b)
org.glassfish.hk2:osgi-resource-locator:1.0.1 (2 constraints: 79234465)
org.glassfish.hk2.external:aopalliance-repackaged:2.4.0-b34 (2 constraints: 0719352b)
org.glassfish.hk2.external:javax.inject:2.4.0-b34 (6 constraints: 52712a15)
org.glassfish.jersey.bundles.repackaged:jersey-guava:2.22.2 (1 constraints: 231118d4)
org.glassfish.jersey.containers:jersey-container-servlet:2.22.2 (1 constraints: 490d1144)
org.glassfish.jersey.containers:jersey-container-servlet-core:2.22.2 (2 constraints: 6425a010)
org.glassfish.jersey.core:jersey-client:2.22.2 (2 constraints: 791ef7a3)
org.glassfish.jersey.core:jersey-common:2.22.2 (6 constraints: 5f747f50)
org.glassfish.jersey.core:jersey-server:2.22.2 (3 constraints: 553f5d56)
org.glassfish.jersey.media:jersey-media-jaxb:2.22.2 (1 constraints: 3111f1d4)
org.iq80.snappy:snappy:0.2 (1 constraints: 890d5927)
org.javassist:javassist:3.18.1-GA (1 constraints: 570d4740)
org.jetbrains:annotations:17.0.0 (1 constraints: 6e0a64c7)
org.jodd:jodd-core:3.5.2 (2 constraints: 0c1bda93)
org.json4s:json4s-ast_2.11:3.5.3 (1 constraints: 0c0b9ae9)
org.json4s:json4s-core_2.11:3.5.3 (1 constraints: 4c0c5316)
org.json4s:json4s-jackson_2.11:3.5.3 (1 constraints: 1c0dd336)
org.json4s:json4s-scalap_2.11:3.5.3 (1 constraints: 0c0b9ae9)
org.lz4:lz4-java:1.4.0 (1 constraints: 160dc336)
org.objenesis:objenesis:2.5.1 (2 constraints: 19198bcb)
org.roaringbitmap:RoaringBitmap:0.7.45 (1 constraints: 510d1c44)
org.roaringbitmap:shims:0.7.45 (1 constraints: 260eb249)
org.scala-lang:scala-library:2.11.12 (11 constraints: 5c9bfe44)
org.scala-lang:scala-reflect:2.11.12 (1 constraints: 340fb09a)
org.scala-lang.modules:scala-parser-combinators_2.11:1.1.0 (1 constraints: cf0e717c)
org.scala-lang.modules:scala-xml_2.11:1.0.6 (1 constraints: 080b84e9)
org.slf4j:jcl-over-slf4j:1.7.16 (1 constraints: 500d1d44)
org.slf4j:jul-to-slf4j:1.7.16 (1 constraints: 500d1d44)
org.slf4j:slf4j-api:1.7.25 (49 constraints: f1d591ce)
org.sonatype.sisu.inject:cglib:2.2.1-v20090111 (1 constraints: aa0cfd36)
org.spark-project.hive:hive-exec:1.2.1.spark2 (1 constraints: 990fa09c)
org.spark-project.hive:hive-metastore:1.2.1.spark2 (1 constraints: 990fa09c)
org.spark-project.spark:unused:1.0.0 (12 constraints: 9aab75cf)
org.threeten:threeten-extra:1.5.0 (1 constraints: 3c0ae5bc)
org.xerial.snappy:snappy-java:1.1.7.3 (2 constraints: 681c5e46)
oro:oro:2.0.8 (3 constraints: 3b229337)
stax:stax-api:1.0.1 (2 constraints: ea186edd)
tomcat:jasper-compiler:5.5.23 (2 constraints: 93169c60)
tomcat:jasper-runtime:5.5.23 (2 constraints: 93169c60)
xerces:xercesImpl:2.9.1 (1 constraints: ac0ccc0f)
xml-apis:xml-apis:1.3.04 (1 constraints: b008af8c)
xmlenc:xmlenc:0.52 (3 constraints: 05228b2f)

[Test dependencies]
junit:junit:4.12 (1 constraints: db04ff30)
org.apache.curator:apache-curator:2.7.1 (1 constraints: 0c0bf8d6)
org.apache.hadoop:hadoop-mapreduce-client-hs:2.7.3 (1 constraints: b60fac84)
org.apache.hadoop:hadoop-minicluster:2.7.3 (1 constraints: 0e050d36)
org.apache.hadoop:hadoop-yarn-server-tests:2.7.3 (1 constraints: b60fac84)
org.apache.hive:hive-exec:2.3.7 (1 constraints: 0e050536)
org.apache.hive:hive-vector-code-gen:2.3.7 (1 constraints: 0e0bf2d6)
org.apache.velocity:velocity:1.5 (1 constraints: c70e875e)
org.codehaus.groovy:groovy-all:2.4.4 (1 constraints: 0c0bf2d6)
org.hamcrest:hamcrest-core:1.3 (2 constraints: 7910aeb0)
org.mockito:mockito-core:1.10.19 (1 constraints: 6e059840)
org.slf4j:slf4j-simple:1.7.5 (1 constraints: 0f050a36)
