# Run ./gradlew --write-locks to regenerate this file
ant:ant:1.6.5 (2 constraints: 2d1539e1)
aopalliance:aopalliance:1.0 (1 constraints: 170a83ac)
asm:asm:3.1 (3 constraints: 251fd7ad)
asm:asm-commons:3.1 (1 constraints: 9c0f1f7a)
asm:asm-tree:3.1 (1 constraints: 2307035c)
ch.qos.logback:logback-classic:1.0.9 (3 constraints: d3258a88)
ch.qos.logback:logback-core:1.0.9 (4 constraints: dd32435a)
co.cask.tephra:tephra-api:0.6.0 (3 constraints: 0828ded1)
co.cask.tephra:tephra-core:0.6.0 (2 constraints: 831cd90d)
co.cask.tephra:tephra-hbase-compat-1.0:0.6.0 (1 constraints: 370d6920)
com.clearspring.analytics:stream:2.9.6 (1 constraints: 230de736)
com.esotericsoftware:kryo-shaded:4.0.2 (2 constraints: b8134fa6)
com.esotericsoftware:minlog:1.3.0 (1 constraints: 670e7c4f)
com.fasterxml.jackson.core:jackson-annotations:2.10.0 (5 constraints: 1f57675b)
com.fasterxml.jackson.core:jackson-core:2.10.0 (6 constraints: f85730ec)
com.fasterxml.jackson.core:jackson-databind:2.10.0 (10 constraints: 1996cd43)
com.fasterxml.jackson.module:jackson-module-paranamer:2.10.0 (1 constraints: 02163516)
com.fasterxml.jackson.module:jackson-module-scala_2.12:2.10.0 (1 constraints: 450d1044)
com.github.ben-manes.caffeine:caffeine:2.7.0 (1 constraints: 0b050a36)
com.github.joshelser:dropwizard-metrics-hadoop-metrics2-reporter:0.1.2 (1 constraints: e90b08f3)
com.github.luben:zstd-jni:1.4.4-3 (1 constraints: 7b0d9451)
com.github.spotbugs:spotbugs-annotations:3.1.9 (1 constraints: 8d0d3128)
com.github.stephenc.findbugs:findbugs-annotations:1.3.9-1 (5 constraints: 693c9a5d)
com.google.code.findbugs:jsr305:3.0.2 (14 constraints: f2bc5352)
com.google.code.gson:gson:2.2.4 (5 constraints: 3b40b359)
com.google.errorprone:error_prone_annotations:2.3.3 (2 constraints: 161a2544)
com.google.flatbuffers:flatbuffers-java:1.9.0 (2 constraints: e5199714)
com.google.guava:failureaccess:1.0.1 (1 constraints: 140ae1b4)
com.google.guava:guava:28.0-jre (29 constraints: 0dae25de)
com.google.guava:listenablefuture:9999.0-empty-to-avoid-conflict-with-guava (1 constraints: bd17c918)
com.google.inject:guice:3.0 (8 constraints: 2c93366d)
com.google.inject.extensions:guice-assistedinject:3.0 (1 constraints: 250b42ce)
com.google.inject.extensions:guice-servlet:3.0 (11 constraints: a9d50a2b)
com.google.j2objc:j2objc-annotations:1.3 (1 constraints: b809eda0)
com.google.protobuf:protobuf-java:3.0.0-beta-1 (20 constraints: 9253e608)
com.jamesmurty.utils:java-xmlbuilder:0.4 (1 constraints: e40aa5ca)
com.jcraft:jsch:0.1.54 (1 constraints: be0df13c)
com.jolbox:bonecp:0.8.0.RELEASE (1 constraints: 680fc193)
com.ning:compress-lzf:1.0.3 (1 constraints: 160dc436)
com.sun.jersey:jersey-client:1.9 (4 constraints: 65529ed7)
com.sun.jersey:jersey-core:1.9 (9 constraints: ec8f4404)
com.sun.jersey:jersey-json:1.9 (5 constraints: 945f2f90)
com.sun.jersey:jersey-server:1.9 (4 constraints: ef373c01)
com.sun.jersey.contribs:jersey-guice:1.9 (4 constraints: 65529ed7)
com.sun.xml.bind:jaxb-impl:2.2.3-1 (1 constraints: 330c2404)
com.tdunning:json:1.8 (1 constraints: 910b72db)
com.thoughtworks.paranamer:paranamer:2.8 (4 constraints: 68364d1c)
com.twitter:chill-java:0.9.3 (2 constraints: a916ae6f)
com.twitter:chill_2.12:0.9.3 (2 constraints: 141bd1c3)
com.univocity:univocity-parsers:2.8.3 (2 constraints: a01b9ef6)
com.zaxxer:HikariCP:2.5.1 (1 constraints: 390d7120)
commons-beanutils:commons-beanutils:1.7.0 (1 constraints: da0e635f)
commons-beanutils:commons-beanutils-core:1.8.0 (1 constraints: 1d134124)
commons-cli:commons-cli:1.2 (8 constraints: 40657789)
commons-codec:commons-codec:1.10 (21 constraints: ba140706)
commons-collections:commons-collections:3.2.2 (4 constraints: 8047e302)
commons-configuration:commons-configuration:1.6 (1 constraints: 2d0d5c14)
commons-daemon:commons-daemon:1.0.13 (1 constraints: d50c811c)
commons-dbcp:commons-dbcp:1.4 (2 constraints: d6191af9)
commons-digester:commons-digester:1.8 (1 constraints: bf1228fe)
commons-el:commons-el:1.0 (2 constraints: ad11e7f0)
commons-httpclient:commons-httpclient:3.1 (4 constraints: e62ccf7f)
commons-io:commons-io:2.4 (7 constraints: 2a61d030)
commons-lang:commons-lang:2.6 (20 constraints: 651a744c)
commons-logging:commons-logging:1.2 (22 constraints: b160d978)
commons-net:commons-net:3.1 (3 constraints: 3e223661)
commons-pool:commons-pool:1.6 (3 constraints: c626e5cb)
dk.brics.automaton:automaton:1.11-8 (1 constraints: 92088a8d)
hsqldb:hsqldb:1.8.0.10 (1 constraints: f008499f)
io.airlift:aircompressor:0.10 (1 constraints: 090a9fb2)
io.dropwizard.metrics:metrics-core:4.1.1 (10 constraints: 6a9f308c)
io.dropwizard.metrics:metrics-graphite:4.1.1 (1 constraints: 180dd436)
io.dropwizard.metrics:metrics-jmx:4.1.1 (1 constraints: 180dd436)
io.dropwizard.metrics:metrics-json:4.1.1 (2 constraints: 01196712)
io.dropwizard.metrics:metrics-jvm:4.1.1 (2 constraints: 01196712)
io.netty:netty:3.10.6.Final (8 constraints: 91a1ee0f)
io.netty:netty-all:4.1.42.Final (4 constraints: aa40f259)
it.unimi.dsi:fastutil:6.5.6 (1 constraints: 910b3ce5)
jakarta.annotation:jakarta.annotation-api:1.3.5 (4 constraints: 0a3a4179)
jakarta.validation:jakarta.validation-api:2.0.2 (1 constraints: fd10b6c3)
jakarta.ws.rs:jakarta.ws.rs-api:2.1.6 (5 constraints: 8c647f61)
javax.activation:activation:1.1.1 (3 constraints: b12367a0)
javax.inject:javax.inject:1 (2 constraints: b018a173)
javax.jdo:jdo-api:3.0.1 (1 constraints: 350d6720)
javax.mail:mail:1.4.1 (1 constraints: fc0fe399)
javax.servlet:javax.servlet-api:3.1.0 (1 constraints: 160dce36)
javax.servlet:jsp-api:2.0 (1 constraints: 0b0aa0a7)
javax.servlet:servlet-api:2.5 (9 constraints: f991a6d2)
javax.servlet.jsp:jsp-api:2.1 (1 constraints: 290d5a14)
javax.transaction:jta:1.1 (1 constraints: 9f07d96b)
javax.transaction:transaction-api:1.1 (1 constraints: 0a0b64c9)
javax.xml.bind:jaxb-api:2.2.11 (6 constraints: a069fd48)
javolution:javolution:5.5.1 (1 constraints: 3c0d8020)
jline:jline:2.12 (3 constraints: 7c21b2cb)
joda-time:joda-time:2.10.5 (5 constraints: 1f34d3f9)
junit:junit:4.12 (5 constraints: 8b39da91)
log4j:log4j:1.2.17 (11 constraints: 61a1efd6)
net.hydromatic:eigenbase-properties:1.1.5 (1 constraints: 5f0daf2c)
net.java.dev.jets3t:jets3t:0.9.0 (2 constraints: ec152b22)
net.razorvine:pyrolite:4.30 (1 constraints: eb0cc229)
net.sf.kosmosfs:kfs:0.3 (1 constraints: fd077074)
net.sf.opencsv:opencsv:2.3 (1 constraints: 170b02ce)
net.sf.py4j:py4j:0.10.8.1 (1 constraints: aa0d2f5f)
org.antlr:ST4:4.0.4 (2 constraints: 69130686)
org.antlr:antlr-runtime:3.5.2 (4 constraints: 31260d06)
org.antlr:antlr4-runtime:4.7.1 (1 constraints: da0e9d7c)
org.apache.ant:ant:1.9.1 (3 constraints: 262660e7)
org.apache.ant:ant-launcher:1.9.1 (1 constraints: 69082485)
org.apache.arrow:arrow-format:0.15.1 (1 constraints: 250df721)
org.apache.arrow:arrow-memory:0.15.1 (1 constraints: 250df721)
org.apache.arrow:arrow-vector:0.15.1 (1 constraints: 050f878b)
org.apache.avro:avro:1.8.2 (4 constraints: 3d2eebf3)
org.apache.avro:avro-ipc:1.8.2 (1 constraints: f90b5bf4)
org.apache.avro:avro-mapred:1.8.2 (2 constraints: 3c1a8487)
org.apache.calcite:calcite-core:1.10.0 (2 constraints: 2c19fe15)
org.apache.calcite:calcite-druid:1.10.0 (1 constraints: 340b16e2)
org.apache.calcite:calcite-linq4j:1.10.0 (2 constraints: 821ba1bd)
org.apache.calcite.avatica:avatica:1.8.0 (3 constraints: 3a26a801)
org.apache.calcite.avatica:avatica-metrics:1.8.0 (1 constraints: 960e635d)
org.apache.commons:commons-compress:1.9 (5 constraints: 893cc0b4)
org.apache.commons:commons-crypto:1.0.0 (2 constraints: 3c1ea6bf)
org.apache.commons:commons-lang3:3.9 (9 constraints: 7e6fc79d)
org.apache.commons:commons-math3:3.4.1 (2 constraints: a21afc90)
org.apache.commons:commons-text:1.6 (1 constraints: bb0cd11c)
org.apache.curator:apache-curator:2.7.1 (2 constraints: c718e2d6)
org.apache.curator:curator-client:2.7.1 (2 constraints: 6a1d2734)
org.apache.curator:curator-framework:2.7.1 (5 constraints: 0845a22f)
org.apache.curator:curator-recipes:2.7.1 (2 constraints: a91ada91)
org.apache.derby:derby:10.12.1.1 (2 constraints: cb1b0c38)
org.apache.directory.api:api-asn1-api:1.0.0-M20 (1 constraints: 3d163b13)
org.apache.directory.api:api-util:1.0.0-M20 (1 constraints: 3d163b13)
org.apache.directory.server:apacheds-i18n:2.0.0-M15 (1 constraints: 42164713)
org.apache.directory.server:apacheds-kerberos-codec:2.0.0-M15 (1 constraints: 8f0d3b45)
org.apache.geronimo.specs:geronimo-annotation_1.0_spec:1.1.1 (1 constraints: f90fda99)
org.apache.geronimo.specs:geronimo-jaspic_1.0_spec:1.0 (1 constraints: 990f187a)
org.apache.geronimo.specs:geronimo-jta_1.1_spec:1.1.1 (1 constraints: f90fda99)
org.apache.hadoop:hadoop-annotations:2.7.4 (16 constraints: 3c2741a6)
org.apache.hadoop:hadoop-auth:2.7.4 (2 constraints: 221aed3f)
org.apache.hadoop:hadoop-client:2.7.4 (2 constraints: 2c12103c)
org.apache.hadoop:hadoop-common:2.7.4 (6 constraints: 44567288)
org.apache.hadoop:hadoop-hdfs:2.7.4 (4 constraints: bb345226)
org.apache.hadoop:hadoop-mapreduce-client-app:2.7.4 (3 constraints: ae2f1637)
org.apache.hadoop:hadoop-mapreduce-client-common:2.7.4 (4 constraints: 1c4fae67)
org.apache.hadoop:hadoop-mapreduce-client-core:2.7.4 (6 constraints: 954ff132)
org.apache.hadoop:hadoop-mapreduce-client-jobclient:2.7.4 (2 constraints: 3d1d2914)
org.apache.hadoop:hadoop-mapreduce-client-shuffle:2.7.4 (2 constraints: 2828024a)
org.apache.hadoop:hadoop-yarn-api:2.7.4 (10 constraints: 11b87d56)
org.apache.hadoop:hadoop-yarn-client:2.7.4 (1 constraints: 2014636e)
org.apache.hadoop:hadoop-yarn-common:2.7.4 (9 constraints: bcb2d777)
org.apache.hadoop:hadoop-yarn-server-applicationhistoryservice:2.7.4 (1 constraints: f6157ecf)
org.apache.hadoop:hadoop-yarn-server-common:2.7.4 (7 constraints: 589281c5)
org.apache.hadoop:hadoop-yarn-server-nodemanager:2.7.4 (2 constraints: 69267b8d)
org.apache.hadoop:hadoop-yarn-server-resourcemanager:2.7.4 (2 constraints: b32074af)
org.apache.hadoop:hadoop-yarn-server-web-proxy:2.7.4 (2 constraints: cd28b579)
org.apache.hbase:hbase-annotations:1.1.1 (3 constraints: a226bc12)
org.apache.hbase:hbase-client:1.1.1 (1 constraints: 340d6020)
org.apache.hbase:hbase-common:1.1.1 (1 constraints: 8d0c100d)
org.apache.hbase:hbase-protocol:1.1.1 (2 constraints: 231984f7)
org.apache.hive:hive-common:2.3.6 (5 constraints: ac4092a5)
org.apache.hive:hive-exec:2.3.6 (2 constraints: 2512dc3a)
org.apache.hive:hive-llap-client:2.3.6 (2 constraints: b019e847)
org.apache.hive:hive-llap-common:2.3.6 (2 constraints: dc1a45a5)
org.apache.hive:hive-llap-tez:2.3.6 (1 constraints: 0d0bf1d6)
org.apache.hive:hive-metastore:2.3.6 (2 constraints: 2512dc3a)
org.apache.hive:hive-serde:2.3.6 (3 constraints: 2128b5ff)
org.apache.hive:hive-service-rpc:2.3.6 (1 constraints: 7b0bc2e4)
org.apache.hive:hive-shims:2.3.6 (5 constraints: d13c96b4)
org.apache.hive:hive-storage-api:2.6.0 (2 constraints: ac18bef7)
org.apache.hive:hive-vector-code-gen:2.3.6 (1 constraints: 0d0bf1d6)
org.apache.hive.shims:hive-shims-0.23:2.3.6 (1 constraints: 8c0b6ce5)
org.apache.hive.shims:hive-shims-common:2.3.6 (3 constraints: 222cfaad)
org.apache.hive.shims:hive-shims-scheduler:2.3.6 (1 constraints: 8c0b6ce5)
org.apache.htrace:htrace-core:3.1.0-incubating (4 constraints: 934436e9)
org.apache.httpcomponents:httpclient:4.5.6 (5 constraints: f53f9dad)
org.apache.httpcomponents:httpcore:4.4.10 (4 constraints: 6b36e652)
org.apache.ivy:ivy:2.4.0 (2 constraints: 1f18fdd1)
org.apache.logging.log4j:log4j-1.2-api:2.6.2 (2 constraints: fb160260)
org.apache.logging.log4j:log4j-api:2.6.2 (4 constraints: 2e3c9f23)
org.apache.logging.log4j:log4j-core:2.6.2 (2 constraints: fd1c2464)
org.apache.logging.log4j:log4j-slf4j-impl:2.6.2 (3 constraints: 8d27cb64)
org.apache.logging.log4j:log4j-web:2.6.2 (1 constraints: f00b21f3)
org.apache.orc:orc-core:1.5.8 (3 constraints: c11d09ae)
org.apache.orc:orc-mapreduce:1.5.8 (1 constraints: c70ccf27)
org.apache.orc:orc-shims:1.5.8 (1 constraints: 440aedbc)
org.apache.parquet:parquet-avro:1.10.1 (1 constraints: 35052a3b)
org.apache.parquet:parquet-column:1.10.1 (3 constraints: 9529f9ca)
org.apache.parquet:parquet-common:1.10.1 (2 constraints: 4c1e7385)
org.apache.parquet:parquet-encoding:1.10.1 (1 constraints: ca0ef964)
org.apache.parquet:parquet-format:2.4.0 (3 constraints: e72a97ca)
org.apache.parquet:parquet-hadoop:1.10.1 (2 constraints: df1ad0b3)
org.apache.parquet:parquet-hadoop-bundle:1.8.1 (1 constraints: 7a0bc7e4)
org.apache.parquet:parquet-jackson:1.10.1 (1 constraints: b70ee763)
org.apache.pig:pig:0.14.0 (1 constraints: 37052f3b)
org.apache.spark:spark-avro_2.12:3.0.0-preview2 (1 constraints: 6608f973)
org.apache.spark:spark-catalyst_2.12:3.0.0-preview2 (1 constraints: 1d1030ab)
org.apache.spark:spark-core_2.12:3.0.0-preview2 (3 constraints: c63225ac)
org.apache.spark:spark-hive_2.12:3.0.0-preview2 (1 constraints: 6608f973)
org.apache.spark:spark-kvstore_2.12:3.0.0-preview2 (1 constraints: 76105abd)
org.apache.spark:spark-launcher_2.12:3.0.0-preview2 (1 constraints: 76105abd)
org.apache.spark:spark-network-common_2.12:3.0.0-preview2 (2 constraints: 6625235b)
org.apache.spark:spark-network-shuffle_2.12:3.0.0-preview2 (1 constraints: 76105abd)
org.apache.spark:spark-sketch_2.12:3.0.0-preview2 (2 constraints: 4e228939)
org.apache.spark:spark-sql_2.12:3.0.0-preview2 (1 constraints: 7910a9bd)
org.apache.spark:spark-tags_2.12:3.0.0-preview2 (8 constraints: db8979b5)
org.apache.spark:spark-unsafe_2.12:3.0.0-preview2 (2 constraints: a722e45d)
org.apache.thrift:libfb303:0.9.3 (3 constraints: 2828a707)
org.apache.thrift:libthrift:0.12.0 (7 constraints: ef5a2934)
org.apache.twill:twill-api:0.6.0-incubating (2 constraints: e422b4e1)
org.apache.twill:twill-common:0.6.0-incubating (4 constraints: 3d467991)
org.apache.twill:twill-core:0.6.0-incubating (1 constraints: d70f9d7c)
org.apache.twill:twill-discovery-api:0.6.0-incubating (3 constraints: 25345d4c)
org.apache.twill:twill-discovery-core:0.6.0-incubating (2 constraints: 332039f9)
org.apache.twill:twill-zookeeper:0.6.0-incubating (3 constraints: 94341288)
org.apache.velocity:velocity:1.5 (1 constraints: c70e875e)
org.apache.xbean:xbean-asm7-shaded:4.15 (2 constraints: 82190f3d)
org.apache.yetus:audience-annotations:0.5.0 (1 constraints: 850d2528)
org.apache.zookeeper:zookeeper:3.4.14 (14 constraints: d8cfaf37)
org.checkerframework:checker-qual:2.8.1 (2 constraints: 1a1a3944)
org.codehaus.groovy:groovy-all:2.4.4 (1 constraints: 0c0bf2d6)
org.codehaus.jackson:jackson-core-asl:1.9.13 (12 constraints: d69bba49)
org.codehaus.jackson:jackson-jaxrs:1.9.13 (2 constraints: 821bca9d)
org.codehaus.jackson:jackson-mapper-asl:1.9.13 (13 constraints: ffa443b4)
org.codehaus.jackson:jackson-xc:1.9.13 (2 constraints: 821bca9d)
org.codehaus.janino:commons-compiler:3.0.15 (3 constraints: 65285c17)
org.codehaus.janino:janino:3.0.15 (2 constraints: 6d1cd220)
org.codehaus.jettison:jettison:1.1 (4 constraints: a84e24a9)
org.codehaus.mojo:animal-sniffer-annotations:1.17 (1 constraints: ed09d8aa)
org.datanucleus:datanucleus-api-jdo:4.2.4 (1 constraints: 3b0d7520)
org.datanucleus:datanucleus-core:4.1.17 (3 constraints: fd258d22)
org.datanucleus:datanucleus-rdbms:4.1.19 (1 constraints: 700ddf2d)
org.datanucleus:javax.jdo:3.2.0-m3 (1 constraints: 030ea249)
org.eclipse.jdt:core:3.1.1 (1 constraints: b40a38d8)
org.eclipse.jetty.aggregate:jetty-all:7.6.0.v20120127 (1 constraints: 260ea577)
org.eclipse.jetty.orbit:javax.servlet:3.0.0.v201112011016 (1 constraints: dd0e53b1)
org.fusesource.leveldbjni:leveldbjni-all:1.8 (9 constraints: 93a6dbe7)
org.glassfish.hk2:hk2-api:2.6.1 (1 constraints: 6e0c620c)
org.glassfish.hk2:hk2-locator:2.6.1 (1 constraints: 4410e0ad)
org.glassfish.hk2:hk2-utils:2.6.1 (2 constraints: 21173277)
org.glassfish.hk2:osgi-resource-locator:1.0.3 (2 constraints: 7d23b265)
org.glassfish.hk2.external:aopalliance-repackaged:2.6.1 (2 constraints: 21173277)
org.glassfish.hk2.external:jakarta.inject:2.6.1 (8 constraints: fd81450c)
org.glassfish.jersey.containers:jersey-container-servlet:2.29.1 (1 constraints: 500d3044)
org.glassfish.jersey.containers:jersey-container-servlet-core:2.29.1 (2 constraints: 7125a112)
org.glassfish.jersey.core:jersey-client:2.29.1 (2 constraints: 861e81a5)
org.glassfish.jersey.core:jersey-common:2.29.1 (7 constraints: fc846bf1)
org.glassfish.jersey.core:jersey-server:2.29.1 (3 constraints: 683f0d5c)
org.glassfish.jersey.inject:jersey-hk2:2.29.1 (1 constraints: 500d3044)
org.glassfish.jersey.media:jersey-media-jaxb:2.29.1 (1 constraints: 371105d5)
org.hamcrest:hamcrest-core:1.3 (2 constraints: 7910aeb0)
org.javassist:javassist:3.22.0-CR2 (1 constraints: 900dbf4d)
org.jodd:jodd-core:3.5.2 (1 constraints: 1f0d1037)
org.jruby.jcodings:jcodings:1.0.8 (2 constraints: 9d15c301)
org.jruby.joni:joni:2.1.2 (1 constraints: 8f0c160d)
org.json4s:json4s-ast_2.12:3.6.6 (1 constraints: 110baae9)
org.json4s:json4s-core_2.12:3.6.6 (1 constraints: 510c6316)
org.json4s:json4s-jackson_2.12:3.6.6 (1 constraints: 210de336)
org.json4s:json4s-scalap_2.12:3.6.6 (1 constraints: 110baae9)
org.lz4:lz4-java:1.7.0 (1 constraints: 1a0dd636)
org.mortbay.jetty:jetty:6.1.26 (5 constraints: cf45d2d7)
org.mortbay.jetty:jetty-sslengine:6.1.26 (1 constraints: c30d113d)
org.mortbay.jetty:jetty-util:6.1.26 (8 constraints: 507594c4)
org.mortbay.jetty:jsp-2.1:6.1.14 (1 constraints: 9408a38d)
org.mortbay.jetty:jsp-api-2.1:6.1.14 (2 constraints: 7e130c9d)
org.mortbay.jetty:servlet-api:2.5-20081211 (1 constraints: 390cbd19)
org.mortbay.jetty:servlet-api-2.5:6.1.14 (2 constraints: e51482f7)
org.objenesis:objenesis:2.5.1 (2 constraints: 19198bcb)
org.ow2.asm:asm-all:5.0.2 (1 constraints: 0d0ceaf6)
org.roaringbitmap:RoaringBitmap:0.7.45 (1 constraints: 520d2744)
org.roaringbitmap:shims:0.7.45 (1 constraints: 260eb249)
org.scala-lang:scala-library:2.12.10 (12 constraints: f7aba36d)
org.scala-lang:scala-reflect:2.12.10 (2 constraints: ab1c0b7a)
org.scala-lang.modules:scala-parser-combinators_2.12:1.1.2 (1 constraints: d20e7d7c)
org.scala-lang.modules:scala-xml_2.12:1.2.0 (1 constraints: 150dc736)
org.slf4j:jcl-over-slf4j:1.7.16 (1 constraints: 510d2844)
org.slf4j:jul-to-slf4j:1.7.16 (1 constraints: 510d2844)
org.slf4j:slf4j-api:1.7.28 (65 constraints: 37aed665)
org.sonatype.sisu.inject:cglib:2.2.1-v20090111 (1 constraints: aa0cfd36)
org.spark-project.spark:unused:1.0.0 (12 constraints: a6ab49db)
org.tukaani:xz:1.5 (1 constraints: f008458a)
org.xerial.snappy:snappy-java:1.1.7.3 (3 constraints: 12262c3f)
oro:oro:2.0.8 (3 constraints: 3c22c237)
stax:stax-api:1.0.1 (1 constraints: 040bded6)
tomcat:jasper-compiler:5.5.23 (2 constraints: 93169c60)
tomcat:jasper-runtime:5.5.23 (2 constraints: 93169c60)
xerces:xercesImpl:2.9.1 (1 constraints: ac0ccc0f)
xml-apis:xml-apis:1.3.04 (1 constraints: b008af8c)
xmlenc:xmlenc:0.52 (3 constraints: 05228b2f)

[Test dependencies]
org.apache.hadoop:hadoop-mapreduce-client-hs:2.7.4 (1 constraints: b70fad84)
org.apache.hadoop:hadoop-minicluster:2.7.4 (1 constraints: 0e050d36)
org.apache.hadoop:hadoop-yarn-server-tests:2.7.4 (1 constraints: b70fad84)
org.mockito:mockito-core:1.10.19 (1 constraints: 6e059840)
org.slf4j:slf4j-simple:1.7.5 (1 constraints: 0f050a36)
