# Danger! Multiple jars contain identically named classes. This may cause different behaviour depending on classpath ordering.
# Run ./gradlew checkClassUniqueness --fix to update this file

## runtimeClasspath
[commons-logging:commons-logging, org.springframework:spring-jcl]
  - org.apache.commons.logging.Log
  - org.apache.commons.logging.LogFactory
  - org.apache.commons.logging.impl.NoOpLog
  - org.apache.commons.logging.impl.SimpleLog
[jakarta.annotation:jakarta.annotation-api, javax.annotation:javax.annotation-api]
  - javax.annotation.Resource$AuthenticationType
[javax.servlet.jsp:jsp-api, org.apache.tomcat.embed:tomcat-embed-el]
  - javax.el.ArrayELResolver
  - javax.el.BeanELResolver
  - javax.el.BeanELResolver$BeanProperties
  - javax.el.BeanELResolver$BeanProperty
  - javax.el.CompositeELResolver
  - javax.el.ELContext
  - javax.el.ELContextEvent
  - javax.el.ELContextListener
  - javax.el.ELException
  - javax.el.ELResolver
  - javax.el.Expression
  - javax.el.ExpressionFactory
  - javax.el.FunctionMapper
  - javax.el.ListELResolver
  - javax.el.MapELResolver
  - javax.el.MethodExpression
  - javax.el.MethodInfo
  - javax.el.MethodNotFoundException
  - javax.el.PropertyNotFoundException
  - javax.el.PropertyNotWritableException
  - javax.el.ResourceBundleELResolver
  - javax.el.ValueExpression
  - javax.el.VariableMapper
[javax.servlet:javax.servlet-api, org.apache.tomcat.embed:tomcat-embed-core]
  - javax.servlet.AsyncContext
  - javax.servlet.AsyncEvent
  - javax.servlet.AsyncListener
  - javax.servlet.DispatcherType
  - javax.servlet.Filter
  - javax.servlet.FilterChain
  - javax.servlet.FilterConfig
  - javax.servlet.FilterRegistration
  - javax.servlet.FilterRegistration$Dynamic
  - javax.servlet.GenericServlet
  - javax.servlet.HttpConstraintElement
  - javax.servlet.HttpMethodConstraintElement
  - javax.servlet.MultipartConfigElement
  - javax.servlet.ReadListener
  - javax.servlet.Registration
  - javax.servlet.Registration$Dynamic
  - javax.servlet.RequestDispatcher
  - javax.servlet.Servlet
  - javax.servlet.ServletConfig
  - javax.servlet.ServletContainerInitializer
  - javax.servlet.ServletContext
  - javax.servlet.ServletContextAttributeEvent
  - javax.servlet.ServletContextAttributeListener
  - javax.servlet.ServletContextEvent
  - javax.servlet.ServletContextListener
  - javax.servlet.ServletException
  - javax.servlet.ServletInputStream
  - javax.servlet.ServletOutputStream
  - javax.servlet.ServletRegistration
  - javax.servlet.ServletRegistration$Dynamic
  - javax.servlet.ServletRequest
  - javax.servlet.ServletRequestAttributeEvent
  - javax.servlet.ServletRequestAttributeListener
  - javax.servlet.ServletRequestEvent
  - javax.servlet.ServletRequestListener
  - javax.servlet.ServletRequestWrapper
  - javax.servlet.ServletResponse
  - javax.servlet.ServletResponseWrapper
  - javax.servlet.ServletSecurityElement
  - javax.servlet.SessionCookieConfig
  - javax.servlet.SessionTrackingMode
  - javax.servlet.SingleThreadModel
  - javax.servlet.UnavailableException
  - javax.servlet.WriteListener
  - javax.servlet.annotation.HandlesTypes
  - javax.servlet.annotation.HttpConstraint
  - javax.servlet.annotation.HttpMethodConstraint
  - javax.servlet.annotation.MultipartConfig
  - javax.servlet.annotation.ServletSecurity
  - javax.servlet.annotation.ServletSecurity$EmptyRoleSemantic
  - javax.servlet.annotation.ServletSecurity$TransportGuarantee
  - javax.servlet.annotation.WebFilter
  - javax.servlet.annotation.WebInitParam
  - javax.servlet.annotation.WebListener
  - javax.servlet.annotation.WebServlet
  - javax.servlet.descriptor.JspConfigDescriptor
  - javax.servlet.descriptor.JspPropertyGroupDescriptor
  - javax.servlet.descriptor.TaglibDescriptor
  - javax.servlet.http.Cookie
  - javax.servlet.http.HttpServlet
  - javax.servlet.http.HttpServletRequest
  - javax.servlet.http.HttpServletRequestWrapper
  - javax.servlet.http.HttpServletResponse
  - javax.servlet.http.HttpServletResponseWrapper
  - javax.servlet.http.HttpSession
  - javax.servlet.http.HttpSessionActivationListener
  - javax.servlet.http.HttpSessionAttributeListener
  - javax.servlet.http.HttpSessionBindingEvent
  - javax.servlet.http.HttpSessionBindingListener
  - javax.servlet.http.HttpSessionContext
  - javax.servlet.http.HttpSessionEvent
  - javax.servlet.http.HttpSessionIdListener
  - javax.servlet.http.HttpSessionListener
  - javax.servlet.http.HttpUpgradeHandler
  - javax.servlet.http.HttpUtils
  - javax.servlet.http.Part
  - javax.servlet.http.WebConnection
