# Danger! Multiple jars contain identically named classes. This may cause different behaviour depending on classpath ordering.
# Run ./gradlew checkClassUniqueness --fix to update this file

## runtimeClasspath
[com.google.guava:guava, dev.vortex:vortex-jni (classifier=all)]
  - com.google.thirdparty.publicsuffix.PublicSuffixPatterns
  - com.google.thirdparty.publicsuffix.PublicSuffixType
  - com.google.thirdparty.publicsuffix.TrieParser
[com.google.protobuf:protobuf-java, dev.vortex:vortex-jni]
  - com.google.protobuf.BoolValue
  - com.google.protobuf.BoolValue$1
  - com.google.protobuf.BoolValue$Builder
  - com.google.protobuf.BoolValueOrBuilder
  - com.google.protobuf.BytesValue
  - com.google.protobuf.BytesValue$1
  - com.google.protobuf.BytesValue$Builder
  - com.google.protobuf.BytesValueOrBuilder
  - com.google.protobuf.DoubleValue
  - com.google.protobuf.DoubleValue$1
  - com.google.protobuf.DoubleValue$Builder
  - com.google.protobuf.DoubleValueOrBuilder
  - com.google.protobuf.FloatValue
  - com.google.protobuf.FloatValue$1
  - com.google.protobuf.FloatValue$Builder
  - com.google.protobuf.FloatValueOrBuilder
  - com.google.protobuf.Int32Value
  - com.google.protobuf.Int32Value$1
  - com.google.protobuf.Int32Value$Builder
  - com.google.protobuf.Int32ValueOrBuilder
  - com.google.protobuf.Int64Value
  - com.google.protobuf.Int64Value$1
  - com.google.protobuf.Int64Value$Builder
  - com.google.protobuf.Int64ValueOrBuilder
  - com.google.protobuf.ListValue
  - com.google.protobuf.ListValue$1
  - com.google.protobuf.ListValue$Builder
  - com.google.protobuf.ListValueOrBuilder
  - com.google.protobuf.NullValue
  - com.google.protobuf.NullValue$1
  - com.google.protobuf.StringValue
  - com.google.protobuf.StringValue$1
  - com.google.protobuf.StringValue$Builder
  - com.google.protobuf.StringValueOrBuilder
  - com.google.protobuf.Struct
  - com.google.protobuf.Struct$1
  - com.google.protobuf.Struct$Builder
  - com.google.protobuf.Struct$Builder$FieldsConverter
  - com.google.protobuf.Struct$FieldsDefaultEntryHolder
  - com.google.protobuf.StructOrBuilder
  - com.google.protobuf.StructProto
  - com.google.protobuf.UInt32Value
  - com.google.protobuf.UInt32Value$1
  - com.google.protobuf.UInt32Value$Builder
  - com.google.protobuf.UInt32ValueOrBuilder
  - com.google.protobuf.UInt64Value
  - com.google.protobuf.UInt64Value$1
  - com.google.protobuf.UInt64Value$Builder
  - com.google.protobuf.UInt64ValueOrBuilder
  - com.google.protobuf.Value
  - com.google.protobuf.Value$1
  - com.google.protobuf.Value$Builder
  - com.google.protobuf.Value$KindCase
  - com.google.protobuf.ValueOrBuilder
  - com.google.protobuf.WrappersProto
[commons-codec:commons-codec, dev.vortex:vortex-jni (classifier=all)]
  - org.apache.commons.codec.Charsets
  - org.apache.commons.codec.binary.Base16
  - org.apache.commons.codec.binary.Base32
  - org.apache.commons.codec.binary.Base64
  - org.apache.commons.codec.binary.BaseNCodec
  - org.apache.commons.codec.binary.BaseNCodec$AbstractBuilder
  - org.apache.commons.codec.binary.BinaryCodec
  - org.apache.commons.codec.binary.StringUtils
  - org.apache.commons.codec.digest.DigestUtils
  - org.apache.commons.codec.digest.HmacUtils
  - org.apache.commons.codec.digest.MurmurHash2
  - org.apache.commons.codec.digest.MurmurHash3
  - org.apache.commons.codec.digest.MurmurHash3$IncrementalHash32
  - org.apache.commons.codec.digest.MurmurHash3$IncrementalHash32x86
  - org.apache.commons.codec.digest.PureJavaCrc32
  - org.apache.commons.codec.digest.PureJavaCrc32C
  - org.apache.commons.codec.digest.Sha2Crypt
  - org.apache.commons.codec.digest.UnixCrypt
  - org.apache.commons.codec.language.Caverphone1
  - org.apache.commons.codec.language.Caverphone2
  - org.apache.commons.codec.language.DaitchMokotoffSoundex
  - org.apache.commons.codec.language.DaitchMokotoffSoundex$Branch
  - org.apache.commons.codec.language.DaitchMokotoffSoundex$Rule
  - org.apache.commons.codec.language.DoubleMetaphone
  - org.apache.commons.codec.language.DoubleMetaphone$DoubleMetaphoneResult
  - org.apache.commons.codec.language.MatchRatingApproachEncoder
  - org.apache.commons.codec.language.Metaphone
  - org.apache.commons.codec.language.Nysiis
  - org.apache.commons.codec.language.RefinedSoundex
  - org.apache.commons.codec.language.Soundex
  - org.apache.commons.codec.language.SoundexUtils
  - org.apache.commons.codec.language.bm.Lang
  - org.apache.commons.codec.language.bm.PhoneticEngine
  - org.apache.commons.codec.language.bm.PhoneticEngine$1
  - org.apache.commons.codec.language.bm.PhoneticEngine$PhonemeBuilder
  - org.apache.commons.codec.language.bm.PhoneticEngine$RulesApplication
  - org.apache.commons.codec.language.bm.ResourceConstants
  - org.apache.commons.codec.language.bm.Rule
  - org.apache.commons.codec.language.bm.Rule$1
  - org.apache.commons.codec.language.bm.Rule$2
  - org.apache.commons.codec.language.bm.Rule$Phoneme
  - org.apache.commons.codec.language.bm.Rule$PhonemeExpr
  - org.apache.commons.codec.language.bm.Rule$PhonemeList
  - org.apache.commons.codec.net.PercentCodec
  - org.apache.commons.codec.net.QuotedPrintableCodec
  - org.apache.commons.codec.net.URLCodec
  - org.apache.commons.codec.net.Utils
[dev.vortex:vortex-jni (classifier=all), io.netty:netty-buffer]
  - io.netty.buffer.AbstractByteBuf
  - io.netty.buffer.AbstractReferenceCountedByteBuf
  - io.netty.buffer.AdaptiveByteBufAllocator$DirectChunkAllocator
  - io.netty.buffer.AdaptivePoolingAllocator
  - io.netty.buffer.AdaptivePoolingAllocator$1
  - io.netty.buffer.AdaptivePoolingAllocator$AdaptiveByteBuf
  - io.netty.buffer.AdaptivePoolingAllocator$Chunk
  - io.netty.buffer.AdaptivePoolingAllocator$ChunkController
  - io.netty.buffer.AdaptivePoolingAllocator$ChunkRegistry
  - io.netty.buffer.AdaptivePoolingAllocator$Magazine
  - io.netty.buffer.AdaptivePoolingAllocator$MagazineGroup
  - io.netty.buffer.AdaptivePoolingAllocator$SizeClassChunkController
  - io.netty.buffer.AdaptivePoolingAllocator$SizeClassedChunk
  - io.netty.buffer.ByteBufUtil
  - io.netty.buffer.CompositeByteBuf
  - io.netty.buffer.EmptyByteBuf
  - io.netty.buffer.PoolArena
  - io.netty.buffer.PoolArena$DirectArena
  - io.netty.buffer.PoolThreadCache$FreeOnFinalize
  - io.netty.buffer.PooledByteBufAllocator
  - io.netty.buffer.PooledByteBufAllocator$PoolThreadLocalCache
  - io.netty.buffer.ReadOnlyAbstractByteBuf
  - io.netty.buffer.SimpleLeakAwareByteBuf
  - io.netty.buffer.Unpooled
  - io.netty.buffer.UnpooledByteBufAllocator$DecrementingCleanableDirectBuffer
  - io.netty.buffer.UnpooledByteBufAllocator$InstrumentedUnpooledDirectByteBuf
  - io.netty.buffer.UnpooledByteBufAllocator$InstrumentedUnpooledUnsafeDirectByteBuf
  - io.netty.buffer.UnpooledByteBufAllocator$InstrumentedUnpooledUnsafeNoCleanerDirectByteBuf
  - io.netty.buffer.UnpooledByteBufAllocator$UnpooledByteBufAllocatorMetric
  - io.netty.buffer.UnpooledDirectByteBuf
  - io.netty.buffer.UnpooledHeapByteBuf
  - io.netty.buffer.UnpooledUnsafeDirectByteBuf
  - io.netty.buffer.UnpooledUnsafeNoCleanerDirectByteBuf
  - io.netty.buffer.UnsafeByteBufUtil
[dev.vortex:vortex-jni (classifier=all), io.netty:netty-common]
  - io.netty.util.AbstractReferenceCounted
  - io.netty.util.DefaultAttributeMap
  - io.netty.util.HashedWheelTimer
  - io.netty.util.HashedWheelTimer$HashedWheelBucket
  - io.netty.util.LeakPresenceDetector
  - io.netty.util.LeakPresenceDetector$LeakCreation
  - io.netty.util.LeakPresenceDetector$ResourceScope
  - io.netty.util.Recycler
  - io.netty.util.Recycler$BlockingMessageQueue
  - io.netty.util.Recycler$DefaultHandle
  - io.netty.util.Recycler$EnhancedHandle
  - io.netty.util.Recycler$GuardedLocalPool
  - io.netty.util.Recycler$LocalPool
  - io.netty.util.Recycler$UnguardedLocalPool
  - io.netty.util.concurrent.AbstractScheduledEventExecutor
  - io.netty.util.concurrent.GlobalEventExecutor
  - io.netty.util.concurrent.GlobalEventExecutor$2
  - io.netty.util.concurrent.GlobalEventExecutor$3
  - io.netty.util.concurrent.GlobalEventExecutor$TaskRunner
  - io.netty.util.concurrent.MpscIntQueue$MpscAtomicIntegerArrayQueue
  - io.netty.util.concurrent.MultithreadEventExecutorGroup
  - io.netty.util.concurrent.NonStickyEventExecutorGroup$NonStickyOrderedEventExecutor
  - io.netty.util.concurrent.PromiseNotifier
  - io.netty.util.concurrent.PromiseNotifier$1
  - io.netty.util.concurrent.SingleThreadEventExecutor
  - io.netty.util.concurrent.SingleThreadEventExecutor$4
  - io.netty.util.concurrent.SingleThreadEventExecutor$5
  - io.netty.util.concurrent.SingleThreadEventExecutor$DefaultThreadProperties
  - io.netty.util.internal.Cleaner
  - io.netty.util.internal.CleanerJava24Linker
  - io.netty.util.internal.CleanerJava24Linker$CleanableDirectBufferImpl
  - io.netty.util.internal.CleanerJava25
  - io.netty.util.internal.CleanerJava25$CleanableDirectBufferImpl
  - io.netty.util.internal.CleanerJava6
  - io.netty.util.internal.CleanerJava6$2
  - io.netty.util.internal.CleanerJava6$CleanableDirectBufferImpl
  - io.netty.util.internal.CleanerJava9
  - io.netty.util.internal.CleanerJava9$2
  - io.netty.util.internal.CleanerJava9$CleanableDirectBufferImpl
  - io.netty.util.internal.DirectCleaner
  - io.netty.util.internal.DirectCleaner$CleanableDirectBufferImpl
  - io.netty.util.internal.EmptyArrays
  - io.netty.util.internal.PlatformDependent
  - io.netty.util.internal.PlatformDependent$1
  - io.netty.util.internal.PlatformDependent$1$1
  - io.netty.util.internal.PlatformDependent$Mpsc
  - io.netty.util.internal.PlatformDependent$Mpsc$1
  - io.netty.util.internal.PlatformDependent0
  - io.netty.util.internal.PlatformDependent0$1
  - io.netty.util.internal.PlatformDependent0$10
  - io.netty.util.internal.PlatformDependent0$11
  - io.netty.util.internal.PlatformDependent0$12
  - io.netty.util.internal.PlatformDependent0$2
  - io.netty.util.internal.PlatformDependent0$3
  - io.netty.util.internal.PlatformDependent0$4
  - io.netty.util.internal.PlatformDependent0$5
  - io.netty.util.internal.PlatformDependent0$6
  - io.netty.util.internal.PlatformDependent0$7
  - io.netty.util.internal.PlatformDependent0$8
  - io.netty.util.internal.PlatformDependent0$9
  - io.netty.util.internal.ReferenceCountUpdater
  - io.netty.util.internal.ReferenceCountUpdater$UpdaterType
  - io.netty.util.internal.ThrowableUtil
[dev.vortex:vortex-jni (classifier=all), org.apache.arrow:arrow-c-data]
  - org.apache.arrow.c.ArrayStreamExporter$ExportedArrayStreamPrivateData
  - org.apache.arrow.c.jni.JniWrapper
[dev.vortex:vortex-jni (classifier=all), org.apache.arrow:arrow-memory-netty-buffer-patch]
  - io.netty.buffer.ExpandableByteBuf
  - io.netty.buffer.NettyArrowBuf
  - io.netty.buffer.PooledByteBufAllocatorL
  - io.netty.buffer.PooledByteBufAllocatorL$InnerAllocator
[dev.vortex:vortex-jni, dev.vortex:vortex-jni (classifier=all)]
  - dev.vortex.api.Array
  - dev.vortex.api.Files
  - dev.vortex.api.ImmutableScanOptions
  - dev.vortex.api.ImmutableScanOptions$Builder
  - dev.vortex.api.expressions.Binary
  - dev.vortex.api.expressions.GetItem
  - dev.vortex.api.expressions.Literal
  - dev.vortex.api.expressions.Literal$DecimalLiteral
  - dev.vortex.api.proto.DTypes
  - dev.vortex.api.proto.EndianUtils
  - dev.vortex.api.proto.Expressions
  - dev.vortex.api.proto.Scalars
  - dev.vortex.api.proto.TemporalMetadatas
  - dev.vortex.arrow.ArrowAllocation
  - dev.vortex.jni.JNIArray
  - dev.vortex.jni.JNIArrayIterator
  - dev.vortex.jni.JNIDType
  - dev.vortex.jni.JNIFile
  - dev.vortex.jni.NativeLoader
  - dev.vortex.proto.DTypeProtos
  - dev.vortex.proto.DTypeProtos$Binary
  - dev.vortex.proto.DTypeProtos$Binary$1
  - dev.vortex.proto.DTypeProtos$Binary$Builder
  - dev.vortex.proto.DTypeProtos$BinaryOrBuilder
  - dev.vortex.proto.DTypeProtos$Bool
  - dev.vortex.proto.DTypeProtos$Bool$1
  - dev.vortex.proto.DTypeProtos$Bool$Builder
  - dev.vortex.proto.DTypeProtos$BoolOrBuilder
  - dev.vortex.proto.DTypeProtos$DType
  - dev.vortex.proto.DTypeProtos$DType$1
  - dev.vortex.proto.DTypeProtos$DType$Builder
  - dev.vortex.proto.DTypeProtos$DType$DtypeTypeCase
  - dev.vortex.proto.DTypeProtos$DTypeOrBuilder
  - dev.vortex.proto.DTypeProtos$Decimal
  - dev.vortex.proto.DTypeProtos$Decimal$1
  - dev.vortex.proto.DTypeProtos$Decimal$Builder
  - dev.vortex.proto.DTypeProtos$DecimalOrBuilder
  - dev.vortex.proto.DTypeProtos$Extension
  - dev.vortex.proto.DTypeProtos$Extension$1
  - dev.vortex.proto.DTypeProtos$Extension$Builder
  - dev.vortex.proto.DTypeProtos$ExtensionOrBuilder
  - dev.vortex.proto.DTypeProtos$Field
  - dev.vortex.proto.DTypeProtos$Field$1
  - dev.vortex.proto.DTypeProtos$Field$Builder
  - dev.vortex.proto.DTypeProtos$Field$FieldTypeCase
  - dev.vortex.proto.DTypeProtos$FieldOrBuilder
  - dev.vortex.proto.DTypeProtos$FieldPath
  - dev.vortex.proto.DTypeProtos$FieldPath$1
  - dev.vortex.proto.DTypeProtos$FieldPath$Builder
  - dev.vortex.proto.DTypeProtos$FieldPathOrBuilder
  - dev.vortex.proto.DTypeProtos$FixedSizeList
  - dev.vortex.proto.DTypeProtos$FixedSizeList$1
  - dev.vortex.proto.DTypeProtos$FixedSizeList$Builder
  - dev.vortex.proto.DTypeProtos$FixedSizeListOrBuilder
  - dev.vortex.proto.DTypeProtos$List
  - dev.vortex.proto.DTypeProtos$List$1
  - dev.vortex.proto.DTypeProtos$List$Builder
  - dev.vortex.proto.DTypeProtos$ListOrBuilder
  - dev.vortex.proto.DTypeProtos$Null
  - dev.vortex.proto.DTypeProtos$Null$1
  - dev.vortex.proto.DTypeProtos$Null$Builder
  - dev.vortex.proto.DTypeProtos$NullOrBuilder
  - dev.vortex.proto.DTypeProtos$PType
  - dev.vortex.proto.DTypeProtos$PType$1
  - dev.vortex.proto.DTypeProtos$Primitive
  - dev.vortex.proto.DTypeProtos$Primitive$1
  - dev.vortex.proto.DTypeProtos$Primitive$Builder
  - dev.vortex.proto.DTypeProtos$PrimitiveOrBuilder
  - dev.vortex.proto.DTypeProtos$Struct
  - dev.vortex.proto.DTypeProtos$Struct$1
  - dev.vortex.proto.DTypeProtos$Struct$Builder
  - dev.vortex.proto.DTypeProtos$StructOrBuilder
  - dev.vortex.proto.DTypeProtos$Utf8
  - dev.vortex.proto.DTypeProtos$Utf8$1
  - dev.vortex.proto.DTypeProtos$Utf8$Builder
  - dev.vortex.proto.DTypeProtos$Utf8OrBuilder
  - dev.vortex.proto.DTypeProtos$Variant
  - dev.vortex.proto.DTypeProtos$Variant$1
  - dev.vortex.proto.DTypeProtos$Variant$Builder
  - dev.vortex.proto.DTypeProtos$VariantOrBuilder
  - dev.vortex.proto.ExprProtos
  - dev.vortex.proto.ExprProtos$AggregateFn
  - dev.vortex.proto.ExprProtos$AggregateFn$1
  - dev.vortex.proto.ExprProtos$AggregateFn$Builder
  - dev.vortex.proto.ExprProtos$AggregateFnOrBuilder
  - dev.vortex.proto.ExprProtos$BetweenOpts
  - dev.vortex.proto.ExprProtos$BetweenOpts$1
  - dev.vortex.proto.ExprProtos$BetweenOpts$Builder
  - dev.vortex.proto.ExprProtos$BetweenOptsOrBuilder
  - dev.vortex.proto.ExprProtos$BinaryOpts
  - dev.vortex.proto.ExprProtos$BinaryOpts$1
  - dev.vortex.proto.ExprProtos$BinaryOpts$BinaryOp
  - dev.vortex.proto.ExprProtos$BinaryOpts$BinaryOp$1
  - dev.vortex.proto.ExprProtos$BinaryOpts$Builder
  - dev.vortex.proto.ExprProtos$BinaryOptsOrBuilder
  - dev.vortex.proto.ExprProtos$CaseWhenOpts
  - dev.vortex.proto.ExprProtos$CaseWhenOpts$1
  - dev.vortex.proto.ExprProtos$CaseWhenOpts$Builder
  - dev.vortex.proto.ExprProtos$CaseWhenOptsOrBuilder
  - dev.vortex.proto.ExprProtos$CastOpts
  - dev.vortex.proto.ExprProtos$CastOpts$1
  - dev.vortex.proto.ExprProtos$CastOpts$Builder
  - dev.vortex.proto.ExprProtos$CastOptsOrBuilder
  - dev.vortex.proto.ExprProtos$Expr
  - dev.vortex.proto.ExprProtos$Expr$1
  - dev.vortex.proto.ExprProtos$Expr$Builder
  - dev.vortex.proto.ExprProtos$ExprOrBuilder
  - dev.vortex.proto.ExprProtos$FieldNames
  - dev.vortex.proto.ExprProtos$FieldNames$1
  - dev.vortex.proto.ExprProtos$FieldNames$Builder
  - dev.vortex.proto.ExprProtos$FieldNamesOrBuilder
  - dev.vortex.proto.ExprProtos$GetItemOpts
  - dev.vortex.proto.ExprProtos$GetItemOpts$1
  - dev.vortex.proto.ExprProtos$GetItemOpts$Builder
  - dev.vortex.proto.ExprProtos$GetItemOptsOrBuilder
  - dev.vortex.proto.ExprProtos$LikeOpts
  - dev.vortex.proto.ExprProtos$LikeOpts$1
  - dev.vortex.proto.ExprProtos$LikeOpts$Builder
  - dev.vortex.proto.ExprProtos$LikeOptsOrBuilder
  - dev.vortex.proto.ExprProtos$LiteralOpts
  - dev.vortex.proto.ExprProtos$LiteralOpts$1
  - dev.vortex.proto.ExprProtos$LiteralOpts$Builder
  - dev.vortex.proto.ExprProtos$LiteralOptsOrBuilder
  - dev.vortex.proto.ExprProtos$PackOpts
  - dev.vortex.proto.ExprProtos$PackOpts$1
  - dev.vortex.proto.ExprProtos$PackOpts$Builder
  - dev.vortex.proto.ExprProtos$PackOptsOrBuilder
  - dev.vortex.proto.ExprProtos$SelectOpts
  - dev.vortex.proto.ExprProtos$SelectOpts$1
  - dev.vortex.proto.ExprProtos$SelectOpts$Builder
  - dev.vortex.proto.ExprProtos$SelectOpts$OptsCase
  - dev.vortex.proto.ExprProtos$SelectOptsOrBuilder
  - dev.vortex.proto.ScalarProtos
  - dev.vortex.proto.ScalarProtos$ListValue
  - dev.vortex.proto.ScalarProtos$ListValue$1
  - dev.vortex.proto.ScalarProtos$ListValue$Builder
  - dev.vortex.proto.ScalarProtos$ListValueOrBuilder
  - dev.vortex.proto.ScalarProtos$Scalar
  - dev.vortex.proto.ScalarProtos$Scalar$1
  - dev.vortex.proto.ScalarProtos$Scalar$Builder
  - dev.vortex.proto.ScalarProtos$ScalarOrBuilder
  - dev.vortex.proto.ScalarProtos$ScalarValue
  - dev.vortex.proto.ScalarProtos$ScalarValue$1
  - dev.vortex.proto.ScalarProtos$ScalarValue$Builder
  - dev.vortex.proto.ScalarProtos$ScalarValue$KindCase
  - dev.vortex.proto.ScalarProtos$ScalarValueOrBuilder
