# Danger! Multiple jars contain identically named classes. This may cause different behaviour depending on classpath ordering.
# Run ./gradlew checkClassUniqueness --fix to update this file

## runtimeClasspath
[com.google.guava:guava, dev.vortex:vortex-jni (classifier=all)]
  - com.google.thirdparty.publicsuffix.PublicSuffixPatterns
  - com.google.thirdparty.publicsuffix.PublicSuffixTrie
  - com.google.thirdparty.publicsuffix.PublicSuffixTrie$ChunksCharSequence
  - com.google.thirdparty.publicsuffix.PublicSuffixType
[dev.vortex:vortex-jni (classifier=all), io.netty:netty-buffer]
  - io.netty.buffer.AdaptivePoolingAllocator
  - io.netty.buffer.AdaptivePoolingAllocator$1
  - io.netty.buffer.AdaptivePoolingAllocator$AdaptiveByteBuf
  - io.netty.buffer.AdaptivePoolingAllocator$BuddyChunk
  - io.netty.buffer.AdaptivePoolingAllocator$BuddyChunkController
  - io.netty.buffer.AdaptivePoolingAllocator$BuddyChunkManagementStrategy
  - io.netty.buffer.AdaptivePoolingAllocator$Chunk
  - io.netty.buffer.AdaptivePoolingAllocator$ChunkCache
  - io.netty.buffer.AdaptivePoolingAllocator$ChunkController
  - io.netty.buffer.AdaptivePoolingAllocator$ChunkManagementStrategy
  - io.netty.buffer.AdaptivePoolingAllocator$ChunkRegistry
  - io.netty.buffer.AdaptivePoolingAllocator$ConcurrentSkipListChunkCache
  - io.netty.buffer.AdaptivePoolingAllocator$IntStack
  - io.netty.buffer.AdaptivePoolingAllocator$Magazine
  - io.netty.buffer.AdaptivePoolingAllocator$Magazine$AdaptiveRecycler
  - io.netty.buffer.AdaptivePoolingAllocator$MagazineGroup
  - io.netty.buffer.AdaptivePoolingAllocator$SizeClassChunkController
  - io.netty.buffer.AdaptivePoolingAllocator$SizeClassChunkManagementStrategy
  - io.netty.buffer.AdaptivePoolingAllocator$SizeClassedChunk
  - io.netty.buffer.PooledByteBufAllocator
[dev.vortex:vortex-jni (classifier=all), io.netty:netty-common]
  - io.netty.util.AsciiString
  - io.netty.util.AsciiString$AsciiCaseInsensitiveCharEqualityComparator
  - io.netty.util.AsciiString$DefaultCharEqualityComparator
  - io.netty.util.AsciiString$GeneralCaseInsensitiveCharEqualityComparator
  - io.netty.util.Recycler$BlockingMessageQueue
  - io.netty.util.Recycler$GuardedLocalPool
  - io.netty.util.Recycler$LocalPool
  - io.netty.util.Recycler$UnguardedLocalPool
  - io.netty.util.concurrent.GlobalEventExecutor
  - io.netty.util.concurrent.GlobalEventExecutor$2
  - io.netty.util.concurrent.GlobalEventExecutor$3
  - io.netty.util.concurrent.GlobalEventExecutor$TaskRunner
  - io.netty.util.concurrent.SingleThreadEventExecutor
  - io.netty.util.concurrent.SingleThreadEventExecutor$2
  - io.netty.util.concurrent.SingleThreadEventExecutor$3
  - io.netty.util.concurrent.SingleThreadEventExecutor$4
  - io.netty.util.concurrent.SingleThreadEventExecutor$5
  - io.netty.util.concurrent.SingleThreadEventExecutor$DefaultThreadProperties
  - io.netty.util.internal.Hidden$NettyBlockHoundIntegration
  - io.netty.util.internal.Hidden$NettyBlockHoundIntegration$1
  - io.netty.util.internal.Hidden$NettyBlockHoundIntegration$1$1
  - io.netty.util.internal.PlatformDependent
  - io.netty.util.internal.PlatformDependent$1
  - io.netty.util.internal.PlatformDependent$1$1
  - io.netty.util.internal.PlatformDependent$Mpsc
  - io.netty.util.internal.PlatformDependent$Mpsc$1
  - io.netty.util.internal.PlatformDependent0
  - io.netty.util.internal.PlatformDependent0$1
  - io.netty.util.internal.PlatformDependent0$10
  - io.netty.util.internal.PlatformDependent0$11
  - io.netty.util.internal.PlatformDependent0$12
  - io.netty.util.internal.PlatformDependent0$13
  - io.netty.util.internal.PlatformDependent0$14
  - io.netty.util.internal.PlatformDependent0$15
  - io.netty.util.internal.PlatformDependent0$2
  - io.netty.util.internal.PlatformDependent0$3
  - io.netty.util.internal.PlatformDependent0$4
  - io.netty.util.internal.PlatformDependent0$5
  - io.netty.util.internal.PlatformDependent0$6
  - io.netty.util.internal.PlatformDependent0$7
  - io.netty.util.internal.PlatformDependent0$8
  - io.netty.util.internal.PlatformDependent0$9
  - io.netty.util.internal.ThrowableUtil
[dev.vortex:vortex-jni (classifier=all), org.apache.arrow:arrow-c-data]
  - org.apache.arrow.c.ArrayStreamExporter$ExportedArrayStreamPrivateData
  - org.apache.arrow.c.jni.JniWrapper
[dev.vortex:vortex-jni (classifier=all), org.apache.arrow:arrow-memory-netty-buffer-patch]
  - io.netty.buffer.ExpandableByteBuf
  - io.netty.buffer.NettyArrowBuf
  - io.netty.buffer.PooledByteBufAllocatorL
  - io.netty.buffer.PooledByteBufAllocatorL$InnerAllocator
[dev.vortex:vortex-jni (classifier=all), org.roaringbitmap:RoaringBitmap]
  - org.roaringbitmap.ArrayContainer
  - org.roaringbitmap.ArrayContainerCharIterator
  - org.roaringbitmap.BitmapContainer
  - org.roaringbitmap.BitmapContainerCharIterator
  - org.roaringbitmap.BitmapContainerCharRankIterator
  - org.roaringbitmap.ImmutableBitmapDataProvider
  - org.roaringbitmap.IntIteratorFlyweight
  - org.roaringbitmap.ReverseArrayContainerCharIterator
  - org.roaringbitmap.ReverseBitmapContainerCharIterator
  - org.roaringbitmap.ReverseIntIteratorFlyweight
  - org.roaringbitmap.ReverseRunContainerCharIterator
  - org.roaringbitmap.RoaringArray
  - org.roaringbitmap.RoaringBitmap
  - org.roaringbitmap.RoaringBitmap$1
  - org.roaringbitmap.RoaringBitmap$2
  - org.roaringbitmap.RoaringBitmap$RoaringReverseIntIterator
  - org.roaringbitmap.RunContainer
  - org.roaringbitmap.RunContainerCharIterator
  - org.roaringbitmap.RunContainerCharRankIterator
  - org.roaringbitmap.Util
  - org.roaringbitmap.art.AbstractShuttle
  - org.roaringbitmap.art.AbstractShuttle$1
  - org.roaringbitmap.art.AbstractShuttle$NodeEntry
  - org.roaringbitmap.buffer.BufferIntIteratorFlyweight
  - org.roaringbitmap.buffer.BufferReverseIntIteratorFlyweight
  - org.roaringbitmap.buffer.BufferUtil
  - org.roaringbitmap.buffer.ImmutableRoaringBitmap
  - org.roaringbitmap.buffer.ImmutableRoaringBitmap$1
  - org.roaringbitmap.buffer.ImmutableRoaringBitmap$2
  - org.roaringbitmap.buffer.ImmutableRoaringBitmap$ImmutableRoaringReverseIntIterator
  - org.roaringbitmap.buffer.MappeableArrayContainer
  - org.roaringbitmap.buffer.MappeableArrayContainerCharIterator
  - org.roaringbitmap.buffer.MappeableBitmapContainer
  - org.roaringbitmap.buffer.MappeableBitmapContainerCharIterator
  - org.roaringbitmap.buffer.MappeableContainer
  - org.roaringbitmap.buffer.MappeableRunContainer
  - org.roaringbitmap.buffer.MappeableRunContainerCharIterator
  - org.roaringbitmap.buffer.MutableRoaringArray
  - org.roaringbitmap.buffer.MutableRoaringBitmap
  - org.roaringbitmap.buffer.RawArrayContainerCharIterator
  - org.roaringbitmap.buffer.RawMappeableRunContainerCharIterator
  - org.roaringbitmap.buffer.RawReverseArrayContainerCharIterator
  - org.roaringbitmap.buffer.RawReverseMappeableRunContainerCharIterator
  - org.roaringbitmap.buffer.ReverseMappeableArrayContainerCharIterator
  - org.roaringbitmap.buffer.ReverseMappeableBitmapContainerCharIterator
  - org.roaringbitmap.buffer.ReverseMappeableRunContainerCharIterator
  - org.roaringbitmap.longlong.Roaring64Bitmap
  - org.roaringbitmap.longlong.Roaring64Bitmap$1
  - org.roaringbitmap.longlong.Roaring64Bitmap$ForwardPeekableIterator
  - org.roaringbitmap.longlong.Roaring64Bitmap$PeekableIterator
  - org.roaringbitmap.longlong.Roaring64Bitmap$ReversePeekableIterator
  - org.roaringbitmap.longlong.Roaring64NavigableMap$3
